
Microsoft Visual Studio Solution File, Format Version 12.00
# Visual Studio Version 17
VisualStudioVersion = 17.7.34031.279
MinimumVisualStudioVersion = 10.0.40219.1
Project("{FAE04EC0-301F-11D3-BF4B-00C04F79EFBC}") = "NET_Lesson_16_09", "NET_Lesson_16_09.csproj", "{475C66D4-6C73-404A-A95D-4D6ABA42004F}"
EndProject
Global
	GlobalSection(SolutionConfigurationPlatforms) = preSolution
		Debug|Any CPU = Debug|Any CPU
		Release|Any CPU = Release|Any CPU
	EndGlobalSection
	GlobalSection(ProjectConfigurationPlatforms) = postSolution
		{475C66D4-6C73-404A-A95D-4D6ABA42004F}.Debug|Any CPU.ActiveCfg = Debug|Any CPU
		{475C66D4-6C73-404A-A95D-4D6ABA42004F}.Debug|Any CPU.Build.0 = Debug|Any CPU
		{475C66D4-6C73-404A-A95D-4D6ABA42004F}.Release|Any CPU.ActiveCfg = Release|Any CPU
		{475C66D4-6C73-404A-A95D-4D6ABA42004F}.Release|Any CPU.Build.0 = Release|Any CPU
	EndGlobalSection
	GlobalSection(SolutionProperties) = preSolution
		HideSolutionNode = FALSE
	EndGlobalSection
	GlobalSection(ExtensibilityGlobals) = postSolution
		SolutionGuid = {BCFB9F27-9198-4F2E-B341-CE8186A383E0}
	EndGlobalSection
EndGlobal
